
Microsoft Visual Studio Solution File, Format Version 12.00
# Visual Studio 14
VisualStudioVersion = 14.0.25420.1
MinimumVisualStudioVersion = 10.0.40219.1
Project("{FAE04EC0-301F-11D3-BF4B-00C04F79EFBC}") = "BuildsAppReborn.Client", "BuildsAppReborn.Client\BuildsAppReborn.Client.csproj", "{906D9C2D-F797-45E2-B148-A503892210B7}"
EndProject
Project("{FAE04EC0-301F-11D3-BF4B-00C04F79EFBC}") = "BuildsAppReborn.Contracts", "BuildsAppReborn.Contracts\BuildsAppReborn.Contracts.csproj", "{02D4B94B-D332-48BE-A880-406AE76B8EBE}"
EndProject
Project("{FAE04EC0-301F-11D3-BF4B-00C04F79EFBC}") = "BuildsAppReborn.Access", "BuildsAppReborn.Access\BuildsAppReborn.Access.csproj", "{FFA6CE6A-4D0D-4A46-B967-F54CF770EF5E}"
EndProject
Project("{FAE04EC0-301F-11D3-BF4B-00C04F79EFBC}") = "BuildsAppReborn.Contracts.UI", "BuildsAppReborn.Contracts.UI\BuildsAppReborn.Contracts.UI.csproj", "{1F3A73B2-A17D-4606-BF7A-5FA53D119227}"
EndProject
Project("{FAE04EC0-301F-11D3-BF4B-00C04F79EFBC}") = "BuildsAppReborn.Access.UI", "BuildsAppReborn.Access.UI\BuildsAppReborn.Access.UI.csproj", "{71108CFD-5407-4B28-8758-AC091A615C46}"
EndProject
Project("{FAE04EC0-301F-11D3-BF4B-00C04F79EFBC}") = "BuildsAppReborn.Infrastructure", "BuildsAppReborn.Infrastructure\BuildsAppReborn.Infrastructure.csproj", "{9371451A-1E59-47C8-825D-FEF098831021}"
EndProject
Project("{FAE04EC0-301F-11D3-BF4B-00C04F79EFBC}") = "BuildsAppReborn.Infrastructure.Tests", "BuildsAppReborn.Infrastructure.Tests\BuildsAppReborn.Infrastructure.Tests.csproj", "{9CCB5848-89FC-4595-B18D-3CFABADD5445}"
EndProject
Project("{FAE04EC0-301F-11D3-BF4B-00C04F79EFBC}") = "BuildsAppReborn.Package", "BuildsAppReborn.Package\BuildsAppReborn.Package.csproj", "{0451BAEF-DF2E-4B98-8644-94EE9415E389}"
EndProject
Project("{FAE04EC0-301F-11D3-BF4B-00C04F79EFBC}") = "BuildsAppReborn.Client.Tests", "BuildsAppReborn.Client.Tests\BuildsAppReborn.Client.Tests.csproj", "{35B711B6-F704-41CE-9A22-0FF401BF819C}"
EndProject
Global
	GlobalSection(SolutionConfigurationPlatforms) = preSolution
		Debug|Any CPU = Debug|Any CPU
		Release|Any CPU = Release|Any CPU
	EndGlobalSection
	GlobalSection(ProjectConfigurationPlatforms) = postSolution
		{906D9C2D-F797-45E2-B148-A503892210B7}.Debug|Any CPU.ActiveCfg = Debug|Any CPU
		{906D9C2D-F797-45E2-B148-A503892210B7}.Debug|Any CPU.Build.0 = Debug|Any CPU
		{906D9C2D-F797-45E2-B148-A503892210B7}.Release|Any CPU.ActiveCfg = Release|Any CPU
		{906D9C2D-F797-45E2-B148-A503892210B7}.Release|Any CPU.Build.0 = Release|Any CPU
		{02D4B94B-D332-48BE-A880-406AE76B8EBE}.Debug|Any CPU.ActiveCfg = Debug|Any CPU
		{02D4B94B-D332-48BE-A880-406AE76B8EBE}.Debug|Any CPU.Build.0 = Debug|Any CPU
		{02D4B94B-D332-48BE-A880-406AE76B8EBE}.Release|Any CPU.ActiveCfg = Release|Any CPU
		{02D4B94B-D332-48BE-A880-406AE76B8EBE}.Release|Any CPU.Build.0 = Release|Any CPU
		{FFA6CE6A-4D0D-4A46-B967-F54CF770EF5E}.Debug|Any CPU.ActiveCfg = Debug|Any CPU
		{FFA6CE6A-4D0D-4A46-B967-F54CF770EF5E}.Debug|Any CPU.Build.0 = Debug|Any CPU
		{FFA6CE6A-4D0D-4A46-B967-F54CF770EF5E}.Release|Any CPU.ActiveCfg = Release|Any CPU
		{FFA6CE6A-4D0D-4A46-B967-F54CF770EF5E}.Release|Any CPU.Build.0 = Release|Any CPU
		{1F3A73B2-A17D-4606-BF7A-5FA53D119227}.Debug|Any CPU.ActiveCfg = Debug|Any CPU
		{1F3A73B2-A17D-4606-BF7A-5FA53D119227}.Debug|Any CPU.Build.0 = Debug|Any CPU
		{1F3A73B2-A17D-4606-BF7A-5FA53D119227}.Release|Any CPU.ActiveCfg = Release|Any CPU
		{1F3A73B2-A17D-4606-BF7A-5FA53D119227}.Release|Any CPU.Build.0 = Release|Any CPU
		{71108CFD-5407-4B28-8758-AC091A615C46}.Debug|Any CPU.ActiveCfg = Debug|Any CPU
		{71108CFD-5407-4B28-8758-AC091A615C46}.Debug|Any CPU.Build.0 = Debug|Any CPU
		{71108CFD-5407-4B28-8758-AC091A615C46}.Release|Any CPU.ActiveCfg = Release|Any CPU
		{71108CFD-5407-4B28-8758-AC091A615C46}.Release|Any CPU.Build.0 = Release|Any CPU
		{9371451A-1E59-47C8-825D-FEF098831021}.Debug|Any CPU.ActiveCfg = Debug|Any CPU
		{9371451A-1E59-47C8-825D-FEF098831021}.Debug|Any CPU.Build.0 = Debug|Any CPU
		{9371451A-1E59-47C8-825D-FEF098831021}.Release|Any CPU.ActiveCfg = Release|Any CPU
		{9371451A-1E59-47C8-825D-FEF098831021}.Release|Any CPU.Build.0 = Release|Any CPU
		{9CCB5848-89FC-4595-B18D-3CFABADD5445}.Debug|Any CPU.ActiveCfg = Debug|Any CPU
		{9CCB5848-89FC-4595-B18D-3CFABADD5445}.Debug|Any CPU.Build.0 = Debug|Any CPU
		{9CCB5848-89FC-4595-B18D-3CFABADD5445}.Release|Any CPU.ActiveCfg = Release|Any CPU
		{9CCB5848-89FC-4595-B18D-3CFABADD5445}.Release|Any CPU.Build.0 = Release|Any CPU
		{0451BAEF-DF2E-4B98-8644-94EE9415E389}.Debug|Any CPU.ActiveCfg = Debug|Any CPU
		{0451BAEF-DF2E-4B98-8644-94EE9415E389}.Release|Any CPU.ActiveCfg = Release|Any CPU
		{0451BAEF-DF2E-4B98-8644-94EE9415E389}.Release|Any CPU.Build.0 = Release|Any CPU
		{35B711B6-F704-41CE-9A22-0FF401BF819C}.Debug|Any CPU.ActiveCfg = Debug|Any CPU
		{35B711B6-F704-41CE-9A22-0FF401BF819C}.Debug|Any CPU.Build.0 = Debug|Any CPU
		{35B711B6-F704-41CE-9A22-0FF401BF819C}.Release|Any CPU.ActiveCfg = Release|Any CPU
		{35B711B6-F704-41CE-9A22-0FF401BF819C}.Release|Any CPU.Build.0 = Release|Any CPU
	EndGlobalSection
	GlobalSection(SolutionProperties) = preSolution
		HideSolutionNode = FALSE
	EndGlobalSection
EndGlobal
